
Microsoft Visual Studio Solution File, Format Version 12.00
# Visual Studio Version 17
VisualStudioVersion = 17.4.33213.308
MinimumVisualStudioVersion = 10.0.40219.1
Project("{FAE04EC0-301F-11D3-BF4B-00C04F79EFBC}") = "AbstractSolidDesignerPattern", "AbstractSolidDesignerPattern\AbstractSolidDesignerPattern.csproj", "{AC7D6255-6307-4055-833B-05325817D21B}"
EndProject
Global
	GlobalSection(SolutionConfigurationPlatforms) = preSolution
		Debug|Any CPU = Debug|Any CPU
		Release|Any CPU = Release|Any CPU
	EndGlobalSection
	GlobalSection(ProjectConfigurationPlatforms) = postSolution
		{AC7D6255-6307-4055-833B-05325817D21B}.Debug|Any CPU.ActiveCfg = Debug|Any CPU
		{AC7D6255-6307-4055-833B-05325817D21B}.Debug|Any CPU.Build.0 = Debug|Any CPU
		{AC7D6255-6307-4055-833B-05325817D21B}.Release|Any CPU.ActiveCfg = Release|Any CPU
		{AC7D6255-6307-4055-833B-05325817D21B}.Release|Any CPU.Build.0 = Release|Any CPU
	EndGlobalSection
	GlobalSection(SolutionProperties) = preSolution
		HideSolutionNode = FALSE
	EndGlobalSection
	GlobalSection(ExtensibilityGlobals) = postSolution
		SolutionGuid = {CFEC08B0-1D98-4951-BAF7-1FEDE7165858}
	EndGlobalSection
EndGlobal
